
Microsoft Visual Studio Solution File, Format Version 12.00
# Visual Studio Version 17
VisualStudioVersion = 17.11.35303.130
MinimumVisualStudioVersion = 10.0.40219.1
Project("{2150E333-8FDC-42A3-9474-1A3956D46DE8}") = "Task0", "Task0", "{6AA4A2E6-0C9D-4AFD-BCE9-C6D77C55E060}"
EndProject
Project("{9A19103F-16F7-4668-BE54-9A1E7A4F7556}") = "Tyuiu.UhalovAK.Sprint6.Task0.V6.Lib", "Tyuiu.UhalovAK.Sprint6.Task0.V6.Lib\Tyuiu.UhalovAK.Sprint6.Task0.V6.Lib.csproj", "{0B3DF0DB-8961-46B3-810A-2B0DD4934724}"
EndProject
Project("{9A19103F-16F7-4668-BE54-9A1E7A4F7556}") = "Tyuiu.UhalovAK.Sprint6.Task0.V6.Test", "Tyuiu.UhalovAK.Sprint6.Task0.V6.Test\Tyuiu.UhalovAK.Sprint6.Task0.V6.Test.csproj", "{4C6E7E35-CC54-41C9-BBE9-FC538A2E7B8D}"
EndProject
Project("{9A19103F-16F7-4668-BE54-9A1E7A4F7556}") = "Tyuiu.UhalovAK.Sprint6.Task0.V6", "Tyuiu.UhalovAK.Sprint6.Task0.V6\Tyuiu.UhalovAK.Sprint6.Task0.V6.csproj", "{8CE9F450-AB1C-4D9D-A29F-7D62C595C685}"
EndProject
Project("{2150E333-8FDC-42A3-9474-1A3956D46DE8}") = "Task1", "Task1", "{53C28553-EE39-444B-B2C7-AB7B17F69803}"
EndProject
Project("{9A19103F-16F7-4668-BE54-9A1E7A4F7556}") = "Tyuiu.UhalovAK.Sprint6.Task1.V11.Lib", "Tyuiu.UhalovAK.Sprint6.Task1.V11.Lib\Tyuiu.UhalovAK.Sprint6.Task1.V11.Lib.csproj", "{A20CAB9A-6FF4-4C20-B19E-52CCFC483BD0}"
EndProject
Project("{9A19103F-16F7-4668-BE54-9A1E7A4F7556}") = "Tyuiu.UhalovAK.Sprint6.Task1.V11.Test", "Tyuiu.UhalovAK.Sprint6.Task1.V11.Test\Tyuiu.UhalovAK.Sprint6.Task1.V11.Test.csproj", "{FB2DFD4D-9FD0-4D68-B645-7DF519816EBF}"
EndProject
Project("{9A19103F-16F7-4668-BE54-9A1E7A4F7556}") = "Tyuiu.UhalovAK.Sprint6.Task1.V11", "Tyuiu.UhalovAK.Sprint6.Task1.V11\Tyuiu.UhalovAK.Sprint6.Task1.V11.csproj", "{3DDF2944-A428-418B-9F46-BA6199EB25B0}"
EndProject
Project("{2150E333-8FDC-42A3-9474-1A3956D46DE8}") = "Task2", "Task2", "{2EAC24CE-94D6-45C7-8728-28591FDB2E95}"
EndProject
Project("{9A19103F-16F7-4668-BE54-9A1E7A4F7556}") = "Tyuiu.UhalovAK.Sprint6.Task2.V16.Lib", "Tyuiu.UhalovAK.Sprint6.Task2.V16.Lib\Tyuiu.UhalovAK.Sprint6.Task2.V16.Lib.csproj", "{F5C973F4-7B1A-45CE-BF05-8FB9048AB300}"
EndProject
Project("{9A19103F-16F7-4668-BE54-9A1E7A4F7556}") = "Tyuiu.UhalovAK.Sprint6.Task2.V16.Test", "Tyuiu.UhalovAK.Sprint6.Task2.V16.Test\Tyuiu.UhalovAK.Sprint6.Task2.V16.Test.csproj", "{641C7415-0395-44B8-B783-6EEE62748406}"
EndProject
Project("{9A19103F-16F7-4668-BE54-9A1E7A4F7556}") = "Tyuiu.UhalovAK.Sprint6.Task2.V16", "Tyuiu.UhalovAK.Sprint6.Task2.V16\Tyuiu.UhalovAK.Sprint6.Task2.V16.csproj", "{AE3EA212-10B2-4829-8E02-9E9CF12FA55F}"
EndProject
Project("{2150E333-8FDC-42A3-9474-1A3956D46DE8}") = "Task3", "Task3", "{FD9CDC74-1BD0-4F10-8A17-13118EF05017}"
EndProject
Project("{9A19103F-16F7-4668-BE54-9A1E7A4F7556}") = "Tyuiu.UhalovAK.Sprint6.Task3.V28.Lib", "Tyuiu.UhalovAK.Sprint6.Task3.V28.Lib\Tyuiu.UhalovAK.Sprint6.Task3.V28.Lib.csproj", "{46227EB2-37DB-4AB3-B587-402071B0D90E}"
EndProject
Project("{9A19103F-16F7-4668-BE54-9A1E7A4F7556}") = "Tyuiu.UhalovAK.Sprint6.Task3.V28.Test", "Tyuiu.UhalovAK.Sprint6.Task3.V28.Test\Tyuiu.UhalovAK.Sprint6.Task3.V28.Test.csproj", "{9F8002D1-7DC6-4B31-A779-D257239BF320}"
EndProject
Project("{9A19103F-16F7-4668-BE54-9A1E7A4F7556}") = "Tyuiu.UhalovAK.Sprint6.Task3.V28", "Tyuiu.UhalovAK.Sprint6.Task3.V28\Tyuiu.UhalovAK.Sprint6.Task3.V28.csproj", "{67415134-112D-4A05-A248-A86CD200ADBC}"
EndProject
Project("{2150E333-8FDC-42A3-9474-1A3956D46DE8}") = "Task4", "Task4", "{958AAF54-CF7D-4D7F-ADB9-F4BC04F9D0BE}"
EndProject
Project("{FAE04EC0-301F-11D3-BF4B-00C04F79EFBC}") = "Tyuiu.UhalovAK.Sprint6.Task4.V24.Lib", "Tyuiu.UhalovAK.Sprint6.Task4.V24.Lib\Tyuiu.UhalovAK.Sprint6.Task4.V24.Lib.csproj", "{4C7EBDB1-176A-4759-9822-56C4B962571A}"
EndProject
Project("{FAE04EC0-301F-11D3-BF4B-00C04F79EFBC}") = "Tyuiu.UhalovAK.Sprint6.Task4.V24.Test", "Tyuiu.UhalovAK.Sprint6.Task4.V24.Test\Tyuiu.UhalovAK.Sprint6.Task4.V24.Test.csproj", "{50915B3E-2576-47F9-A298-81DDBEDEED03}"
EndProject
Project("{FAE04EC0-301F-11D3-BF4B-00C04F79EFBC}") = "Tyuiu.UhalovAK.Sprint6.Task4.V24", "Tyuiu.UhalovAK.Sprint6.Task4.V24\Tyuiu.UhalovAK.Sprint6.Task4.V24.csproj", "{0DDBADA5-C731-431D-AD74-4102B478A77B}"
EndProject
Global
	GlobalSection(SolutionConfigurationPlatforms) = preSolution
		Debug|Any CPU = Debug|Any CPU
		Release|Any CPU = Release|Any CPU
	EndGlobalSection
	GlobalSection(ProjectConfigurationPlatforms) = postSolution
		{0B3DF0DB-8961-46B3-810A-2B0DD4934724}.Debug|Any CPU.ActiveCfg = Debug|Any CPU
		{0B3DF0DB-8961-46B3-810A-2B0DD4934724}.Debug|Any CPU.Build.0 = Debug|Any CPU
		{0B3DF0DB-8961-46B3-810A-2B0DD4934724}.Release|Any CPU.ActiveCfg = Release|Any CPU
		{0B3DF0DB-8961-46B3-810A-2B0DD4934724}.Release|Any CPU.Build.0 = Release|Any CPU
		{4C6E7E35-CC54-41C9-BBE9-FC538A2E7B8D}.Debug|Any CPU.ActiveCfg = Debug|Any CPU
		{4C6E7E35-CC54-41C9-BBE9-FC538A2E7B8D}.Debug|Any CPU.Build.0 = Debug|Any CPU
		{4C6E7E35-CC54-41C9-BBE9-FC538A2E7B8D}.Release|Any CPU.ActiveCfg = Release|Any CPU
		{4C6E7E35-CC54-41C9-BBE9-FC538A2E7B8D}.Release|Any CPU.Build.0 = Release|Any CPU
		{8CE9F450-AB1C-4D9D-A29F-7D62C595C685}.Debug|Any CPU.ActiveCfg = Debug|Any CPU
		{8CE9F450-AB1C-4D9D-A29F-7D62C595C685}.Debug|Any CPU.Build.0 = Debug|Any CPU
		{8CE9F450-AB1C-4D9D-A29F-7D62C595C685}.Release|Any CPU.ActiveCfg = Release|Any CPU
		{8CE9F450-AB1C-4D9D-A29F-7D62C595C685}.Release|Any CPU.Build.0 = Release|Any CPU
		{A20CAB9A-6FF4-4C20-B19E-52CCFC483BD0}.Debug|Any CPU.ActiveCfg = Debug|Any CPU
		{A20CAB9A-6FF4-4C20-B19E-52CCFC483BD0}.Debug|Any CPU.Build.0 = Debug|Any CPU
		{A20CAB9A-6FF4-4C20-B19E-52CCFC483BD0}.Release|Any CPU.ActiveCfg = Release|Any CPU
		{A20CAB9A-6FF4-4C20-B19E-52CCFC483BD0}.Release|Any CPU.Build.0 = Release|Any CPU
		{FB2DFD4D-9FD0-4D68-B645-7DF519816EBF}.Debug|Any CPU.ActiveCfg = Debug|Any CPU
		{FB2DFD4D-9FD0-4D68-B645-7DF519816EBF}.Debug|Any CPU.Build.0 = Debug|Any CPU
		{FB2DFD4D-9FD0-4D68-B645-7DF519816EBF}.Release|Any CPU.ActiveCfg = Release|Any CPU
		{FB2DFD4D-9FD0-4D68-B645-7DF519816EBF}.Release|Any CPU.Build.0 = Release|Any CPU
		{3DDF2944-A428-418B-9F46-BA6199EB25B0}.Debug|Any CPU.ActiveCfg = Debug|Any CPU
		{3DDF2944-A428-418B-9F46-BA6199EB25B0}.Debug|Any CPU.Build.0 = Debug|Any CPU
		{3DDF2944-A428-418B-9F46-BA6199EB25B0}.Release|Any CPU.ActiveCfg = Release|Any CPU
		{3DDF2944-A428-418B-9F46-BA6199EB25B0}.Release|Any CPU.Build.0 = Release|Any CPU
		{F5C973F4-7B1A-45CE-BF05-8FB9048AB300}.Debug|Any CPU.ActiveCfg = Debug|Any CPU
		{F5C973F4-7B1A-45CE-BF05-8FB9048AB300}.Debug|Any CPU.Build.0 = Debug|Any CPU
		{F5C973F4-7B1A-45CE-BF05-8FB9048AB300}.Release|Any CPU.ActiveCfg = Release|Any CPU
		{F5C973F4-7B1A-45CE-BF05-8FB9048AB300}.Release|Any CPU.Build.0 = Release|Any CPU
		{641C7415-0395-44B8-B783-6EEE62748406}.Debug|Any CPU.ActiveCfg = Debug|Any CPU
		{641C7415-0395-44B8-B783-6EEE62748406}.Debug|Any CPU.Build.0 = Debug|Any CPU
		{641C7415-0395-44B8-B783-6EEE62748406}.Release|Any CPU.ActiveCfg = Release|Any CPU
		{641C7415-0395-44B8-B783-6EEE62748406}.Release|Any CPU.Build.0 = Release|Any CPU
		{AE3EA212-10B2-4829-8E02-9E9CF12FA55F}.Debug|Any CPU.ActiveCfg = Debug|Any CPU
		{AE3EA212-10B2-4829-8E02-9E9CF12FA55F}.Debug|Any CPU.Build.0 = Debug|Any CPU
		{AE3EA212-10B2-4829-8E02-9E9CF12FA55F}.Release|Any CPU.ActiveCfg = Release|Any CPU
		{AE3EA212-10B2-4829-8E02-9E9CF12FA55F}.Release|Any CPU.Build.0 = Release|Any CPU
		{46227EB2-37DB-4AB3-B587-402071B0D90E}.Debug|Any CPU.ActiveCfg = Debug|Any CPU
		{46227EB2-37DB-4AB3-B587-402071B0D90E}.Debug|Any CPU.Build.0 = Debug|Any CPU
		{46227EB2-37DB-4AB3-B587-402071B0D90E}.Release|Any CPU.ActiveCfg = Release|Any CPU
		{46227EB2-37DB-4AB3-B587-402071B0D90E}.Release|Any CPU.Build.0 = Release|Any CPU
		{9F8002D1-7DC6-4B31-A779-D257239BF320}.Debug|Any CPU.ActiveCfg = Debug|Any CPU
		{9F8002D1-7DC6-4B31-A779-D257239BF320}.Debug|Any CPU.Build.0 = Debug|Any CPU
		{9F8002D1-7DC6-4B31-A779-D257239BF320}.Release|Any CPU.ActiveCfg = Release|Any CPU
		{9F8002D1-7DC6-4B31-A779-D257239BF320}.Release|Any CPU.Build.0 = Release|Any CPU
		{67415134-112D-4A05-A248-A86CD200ADBC}.Debug|Any CPU.ActiveCfg = Debug|Any CPU
		{67415134-112D-4A05-A248-A86CD200ADBC}.Debug|Any CPU.Build.0 = Debug|Any CPU
		{67415134-112D-4A05-A248-A86CD200ADBC}.Release|Any CPU.ActiveCfg = Release|Any CPU
		{67415134-112D-4A05-A248-A86CD200ADBC}.Release|Any CPU.Build.0 = Release|Any CPU
		{4C7EBDB1-176A-4759-9822-56C4B962571A}.Debug|Any CPU.ActiveCfg = Debug|Any CPU
		{4C7EBDB1-176A-4759-9822-56C4B962571A}.Debug|Any CPU.Build.0 = Debug|Any CPU
		{4C7EBDB1-176A-4759-9822-56C4B962571A}.Release|Any CPU.ActiveCfg = Release|Any CPU
		{4C7EBDB1-176A-4759-9822-56C4B962571A}.Release|Any CPU.Build.0 = Release|Any CPU
		{50915B3E-2576-47F9-A298-81DDBEDEED03}.Debug|Any CPU.ActiveCfg = Debug|Any CPU
		{50915B3E-2576-47F9-A298-81DDBEDEED03}.Debug|Any CPU.Build.0 = Debug|Any CPU
		{50915B3E-2576-47F9-A298-81DDBEDEED03}.Release|Any CPU.ActiveCfg = Release|Any CPU
		{50915B3E-2576-47F9-A298-81DDBEDEED03}.Release|Any CPU.Build.0 = Release|Any CPU
		{0DDBADA5-C731-431D-AD74-4102B478A77B}.Debug|Any CPU.ActiveCfg = Debug|Any CPU
		{0DDBADA5-C731-431D-AD74-4102B478A77B}.Debug|Any CPU.Build.0 = Debug|Any CPU
		{0DDBADA5-C731-431D-AD74-4102B478A77B}.Release|Any CPU.ActiveCfg = Release|Any CPU
		{0DDBADA5-C731-431D-AD74-4102B478A77B}.Release|Any CPU.Build.0 = Release|Any CPU
	EndGlobalSection
	GlobalSection(SolutionProperties) = preSolution
		HideSolutionNode = FALSE
	EndGlobalSection
	GlobalSection(NestedProjects) = preSolution
		{0B3DF0DB-8961-46B3-810A-2B0DD4934724} = {6AA4A2E6-0C9D-4AFD-BCE9-C6D77C55E060}
		{4C6E7E35-CC54-41C9-BBE9-FC538A2E7B8D} = {6AA4A2E6-0C9D-4AFD-BCE9-C6D77C55E060}
		{8CE9F450-AB1C-4D9D-A29F-7D62C595C685} = {6AA4A2E6-0C9D-4AFD-BCE9-C6D77C55E060}
		{A20CAB9A-6FF4-4C20-B19E-52CCFC483BD0} = {53C28553-EE39-444B-B2C7-AB7B17F69803}
		{FB2DFD4D-9FD0-4D68-B645-7DF519816EBF} = {53C28553-EE39-444B-B2C7-AB7B17F69803}
		{3DDF2944-A428-418B-9F46-BA6199EB25B0} = {53C28553-EE39-444B-B2C7-AB7B17F69803}
		{F5C973F4-7B1A-45CE-BF05-8FB9048AB300} = {2EAC24CE-94D6-45C7-8728-28591FDB2E95}
		{641C7415-0395-44B8-B783-6EEE62748406} = {2EAC24CE-94D6-45C7-8728-28591FDB2E95}
		{AE3EA212-10B2-4829-8E02-9E9CF12FA55F} = {2EAC24CE-94D6-45C7-8728-28591FDB2E95}
		{46227EB2-37DB-4AB3-B587-402071B0D90E} = {FD9CDC74-1BD0-4F10-8A17-13118EF05017}
		{9F8002D1-7DC6-4B31-A779-D257239BF320} = {FD9CDC74-1BD0-4F10-8A17-13118EF05017}
		{67415134-112D-4A05-A248-A86CD200ADBC} = {FD9CDC74-1BD0-4F10-8A17-13118EF05017}
		{4C7EBDB1-176A-4759-9822-56C4B962571A} = {958AAF54-CF7D-4D7F-ADB9-F4BC04F9D0BE}
		{50915B3E-2576-47F9-A298-81DDBEDEED03} = {958AAF54-CF7D-4D7F-ADB9-F4BC04F9D0BE}
		{0DDBADA5-C731-431D-AD74-4102B478A77B} = {958AAF54-CF7D-4D7F-ADB9-F4BC04F9D0BE}
	EndGlobalSection
	GlobalSection(ExtensibilityGlobals) = postSolution
		SolutionGuid = {2E9443E1-E32E-4595-8D13-5C11778E7125}
	EndGlobalSection
EndGlobal
